<?xml version="1.0" encoding="utf-8"?>
<Project ToolsVersion="4.0" xmlns="http://schemas.microsoft.com/developer/msbuild/2003">
  <ItemGroup>
    <ClCompile Include="Graphics\ADXTime.cpp">
      <Filter>Graphics</Filter>
    </ClCompile>
    <ClCompile Include="Graphics\ALogger.cpp">
      <Filter>Graphics</Filter>
    </ClCompile>
    <ClCompile Include="Graphics\ARenderDevice.cpp">
      <Filter>Graphics</Filter>
    </ClCompile>
    <ClCompile Include="Graphics\ARenderSystem.cpp">
      <Filter>Graphics</Filter>
    </ClCompile>
    <ClCompile Include="Graphics\ARenderTarget.cpp">
      <Filter>Graphics</Filter>
    </ClCompile>
    <ClCompile Include="Graphics\AConstantBuffer.cpp">
      <Filter>Graphics</Filter>
    </ClCompile>
    <ClCompile Include="Graphics\AShaderCache.cpp">
      <Filter>Graphics</Filter>
    </ClCompile>
    <ClCompile Include="Graphics\ATexture.cpp">
      <Filter>Graphics</Filter>
    </ClCompile>
    <ClCompile Include="UI\LevelEditor.cpp">
      <Filter>UI</Filter>
    </ClCompile>
    <ClCompile Include="UI\LevelEditorDlg.cpp">
      <Filter>UI</Filter>
    </ClCompile>
    <ClCompile Include="UI\CPictureControl.cpp">
      <Filter>UI</Filter>
    </ClCompile>
    <ClCompile Include="Graphics\AGraphic.cpp">
      <Filter>Graphics</Filter>
    </ClCompile>
    <ClCompile Include="Graphics\ATerrain.cpp">
      <Filter>Graphics</Filter>
    </ClCompile>
    <ClCompile Include="Graphics\PNG\lodepng.cpp">
      <Filter>Graphics\LoadPNG</Filter>
    </ClCompile>
    <ClCompile Include="Source.cpp" />
    <ClCompile Include="Graphics\ACemara.cpp">
      <Filter>Graphics</Filter>
    </ClCompile>
    <ClCompile Include="Graphics\AQuadTree.cpp">
      <Filter>Graphics</Filter>
    </ClCompile>
  </ItemGroup>
  <ItemGroup>
    <ClInclude Include="Graphics\ADXTime.h">
      <Filter>Graphics</Filter>
    </ClInclude>
    <ClInclude Include="Graphics\ALogger.h">
      <Filter>Graphics</Filter>
    </ClInclude>
    <ClInclude Include="Graphics\ARenderDevice.h">
      <Filter>Graphics</Filter>
    </ClInclude>
    <ClInclude Include="Graphics\ARenderSystem.h">
      <Filter>Graphics</Filter>
    </ClInclude>
    <ClInclude Include="Graphics\ARenderTarget.h">
      <Filter>Graphics</Filter>
    </ClInclude>
    <ClInclude Include="Graphics\ACommonIncludes.h">
      <Filter>Graphics</Filter>
    </ClInclude>
    <ClInclude Include="Graphics\ACommonDefinitions.h">
      <Filter>Graphics</Filter>
    </ClInclude>
    <ClInclude Include="Graphics\AConstantBuffer.h">
      <Filter>Graphics</Filter>
    </ClInclude>
    <ClInclude Include="Graphics\AShaderCache.h">
      <Filter>Graphics</Filter>
    </ClInclude>
    <ClInclude Include="Graphics\ATexture.h">
      <Filter>Graphics</Filter>
    </ClInclude>
    <ClInclude Include="UI\framework.h">
      <Filter>UI</Filter>
    </ClInclude>
    <ClInclude Include="UI\LevelEditor.h">
      <Filter>UI</Filter>
    </ClInclude>
    <ClInclude Include="UI\LevelEditorDlg.h">
      <Filter>UI</Filter>
    </ClInclude>
    <ClInclude Include="UI\resource.h">
      <Filter>UI</Filter>
    </ClInclude>
    <ClInclude Include="UI\targetver.h">
      <Filter>UI</Filter>
    </ClInclude>
    <ClInclude Include="UI\CPictureControl.h">
      <Filter>UI</Filter>
    </ClInclude>
    <ClInclude Include="Graphics\AGraphic.h">
      <Filter>Graphics</Filter>
    </ClInclude>
    <ClInclude Include="Graphics\ATerrain.h">
      <Filter>Graphics</Filter>
    </ClInclude>
    <ClInclude Include="Graphics\PNG\lodepng.h">
      <Filter>Graphics\LoadPNG</Filter>
    </ClInclude>
    <ClInclude Include="Graphics\ACemara.h">
      <Filter>Graphics</Filter>
    </ClInclude>
    <ClInclude Include="Graphics\AQuadTree.h">
      <Filter>Graphics</Filter>
    </ClInclude>
    <ClInclude Include="Graphics\AMathHeader.h">
      <Filter>Graphics</Filter>
    </ClInclude>
  </ItemGroup>
  <ItemGroup>
    <Filter Include="Graphics">
      <UniqueIdentifier>{eea2ff12-d639-42f0-bfcf-7ce758e7fbe5}</UniqueIdentifier>
    </Filter>
    <Filter Include="UI">
      <UniqueIdentifier>{2c636bdd-7753-47f6-8889-7d12db20edb0}</UniqueIdentifier>
    </Filter>
    <Filter Include="Graphics\Shaders">
      <UniqueIdentifier>{ee085196-a591-4f7b-8731-f0b4c86b267f}</UniqueIdentifier>
    </Filter>
    <Filter Include="Graphics\LoadPNG">
      <UniqueIdentifier>{f40eece8-ae7c-4533-9c96-bd004e4690c9}</UniqueIdentifier>
    </Filter>
  </ItemGroup>
  <ItemGroup>
    <Image Include="res\LevelEditor.ico">
      <Filter>UI</Filter>
    </Image>
    <Image Include="UI\res\LevelEditor.ico" />
  </ItemGroup>
  <ItemGroup>
    <None Include="res\LevelEditor.rc2">
      <Filter>UI</Filter>
    </None>
  </ItemGroup>
  <ItemGroup>
    <ResourceCompile Include="UI\LevelEditor.rc">
      <Filter>UI</Filter>
    </ResourceCompile>
  </ItemGroup>
  <ItemGroup>
    <FxCompile Include="BINx64\Data\Shaders\terrain_ps.hlsl">
      <Filter>Graphics\Shaders</Filter>
    </FxCompile>
    <FxCompile Include="BINx64\Data\Shaders\terrain_vs.hlsl">
      <Filter>Graphics\Shaders</Filter>
    </FxCompile>
    <FxCompile Include="BINx64\Data\Shaders\terrain_ps_sculpt.hlsl">
      <Filter>Graphics\Shaders</Filter>
    </FxCompile>
    <FxCompile Include="BINx64\Data\Shaders\terrain_vs_sculpt.hlsl">
      <Filter>Graphics\Shaders</Filter>
    </FxCompile>
  </ItemGroup>
</Project>